
Microsoft Visual Studio Solution File, Format Version 12.00
# Visual Studio Version 17
VisualStudioVersion = 17.4.33122.133
MinimumVisualStudioVersion = 10.0.40219.1
Project("{9A19103F-16F7-4668-BE54-9A1E7A4F7556}") = "SageBook.Lab1.WinForm", "SageBook.Lab1.WinForm\SageBook.Lab1.WinForm.csproj", "{185FB96F-7F9A-4537-AB40-E8FE28A555E2}"
EndProject
Project("{9A19103F-16F7-4668-BE54-9A1E7A4F7556}") = "SageBook.Data", "SageBook.Data\SageBook.Data.csproj", "{04AA75C9-84A9-4D12-BA27-B350686D29BE}"
EndProject
Project("{9A19103F-16F7-4668-BE54-9A1E7A4F7556}") = "SageBook.Repository", "SageBook.Repository\SageBook.Repository.csproj", "{BBC93FF2-0B39-46F4-B46B-7CB74B12B9B0}"
EndProject
Project("{9A19103F-16F7-4668-BE54-9A1E7A4F7556}") = "SageBook.Service", "SageBook.Service\SageBook.Service.csproj", "{57AC21D0-07EE-469B-A6B5-68C8732FFE21}"
EndProject
Project("{9A19103F-16F7-4668-BE54-9A1E7A4F7556}") = "SageBook.Common", "SageBook.Common\SageBook.Common.csproj", "{C86951EC-AC7E-4149-BA84-805777902C75}"
EndProject
Project("{2150E333-8FDC-42A3-9474-1A3956D46DE8}") = "Labs", "Labs", "{C0FF432C-6F05-4F06-97E9-98426E689373}"
EndProject
Project("{9A19103F-16F7-4668-BE54-9A1E7A4F7556}") = "SageBook.Migrations", "SageBook.Migrations\SageBook.Migrations.csproj", "{74168D6A-842C-4579-B586-E0B167DE7732}"
EndProject
Project("{9A19103F-16F7-4668-BE54-9A1E7A4F7556}") = "SageBook.Lab2-3.MVC-WebAPI", "SageBook.Lab2-3.MVC-WebAPI\SageBook.Lab2-3.MVC-WebAPI.csproj", "{195C0E85-07B3-426D-A36F-2CB211C3F11D}"
EndProject
Global
	GlobalSection(SolutionConfigurationPlatforms) = preSolution
		Debug|Any CPU = Debug|Any CPU
		Release|Any CPU = Release|Any CPU
	EndGlobalSection
	GlobalSection(ProjectConfigurationPlatforms) = postSolution
		{185FB96F-7F9A-4537-AB40-E8FE28A555E2}.Debug|Any CPU.ActiveCfg = Debug|Any CPU
		{185FB96F-7F9A-4537-AB40-E8FE28A555E2}.Debug|Any CPU.Build.0 = Debug|Any CPU
		{185FB96F-7F9A-4537-AB40-E8FE28A555E2}.Release|Any CPU.ActiveCfg = Release|Any CPU
		{185FB96F-7F9A-4537-AB40-E8FE28A555E2}.Release|Any CPU.Build.0 = Release|Any CPU
		{04AA75C9-84A9-4D12-BA27-B350686D29BE}.Debug|Any CPU.ActiveCfg = Debug|Any CPU
		{04AA75C9-84A9-4D12-BA27-B350686D29BE}.Debug|Any CPU.Build.0 = Debug|Any CPU
		{04AA75C9-84A9-4D12-BA27-B350686D29BE}.Release|Any CPU.ActiveCfg = Release|Any CPU
		{04AA75C9-84A9-4D12-BA27-B350686D29BE}.Release|Any CPU.Build.0 = Release|Any CPU
		{BBC93FF2-0B39-46F4-B46B-7CB74B12B9B0}.Debug|Any CPU.ActiveCfg = Debug|Any CPU
		{BBC93FF2-0B39-46F4-B46B-7CB74B12B9B0}.Debug|Any CPU.Build.0 = Debug|Any CPU
		{BBC93FF2-0B39-46F4-B46B-7CB74B12B9B0}.Release|Any CPU.ActiveCfg = Release|Any CPU
		{BBC93FF2-0B39-46F4-B46B-7CB74B12B9B0}.Release|Any CPU.Build.0 = Release|Any CPU
		{57AC21D0-07EE-469B-A6B5-68C8732FFE21}.Debug|Any CPU.ActiveCfg = Debug|Any CPU
		{57AC21D0-07EE-469B-A6B5-68C8732FFE21}.Debug|Any CPU.Build.0 = Debug|Any CPU
		{57AC21D0-07EE-469B-A6B5-68C8732FFE21}.Release|Any CPU.ActiveCfg = Release|Any CPU
		{57AC21D0-07EE-469B-A6B5-68C8732FFE21}.Release|Any CPU.Build.0 = Release|Any CPU
		{C86951EC-AC7E-4149-BA84-805777902C75}.Debug|Any CPU.ActiveCfg = Debug|Any CPU
		{C86951EC-AC7E-4149-BA84-805777902C75}.Debug|Any CPU.Build.0 = Debug|Any CPU
		{C86951EC-AC7E-4149-BA84-805777902C75}.Release|Any CPU.ActiveCfg = Release|Any CPU
		{C86951EC-AC7E-4149-BA84-805777902C75}.Release|Any CPU.Build.0 = Release|Any CPU
		{74168D6A-842C-4579-B586-E0B167DE7732}.Debug|Any CPU.ActiveCfg = Debug|Any CPU
		{74168D6A-842C-4579-B586-E0B167DE7732}.Debug|Any CPU.Build.0 = Debug|Any CPU
		{74168D6A-842C-4579-B586-E0B167DE7732}.Release|Any CPU.ActiveCfg = Release|Any CPU
		{74168D6A-842C-4579-B586-E0B167DE7732}.Release|Any CPU.Build.0 = Release|Any CPU
		{195C0E85-07B3-426D-A36F-2CB211C3F11D}.Debug|Any CPU.ActiveCfg = Debug|Any CPU
		{195C0E85-07B3-426D-A36F-2CB211C3F11D}.Debug|Any CPU.Build.0 = Debug|Any CPU
		{195C0E85-07B3-426D-A36F-2CB211C3F11D}.Release|Any CPU.ActiveCfg = Release|Any CPU
		{195C0E85-07B3-426D-A36F-2CB211C3F11D}.Release|Any CPU.Build.0 = Release|Any CPU
	EndGlobalSection
	GlobalSection(SolutionProperties) = preSolution
		HideSolutionNode = FALSE
	EndGlobalSection
	GlobalSection(NestedProjects) = preSolution
		{185FB96F-7F9A-4537-AB40-E8FE28A555E2} = {C0FF432C-6F05-4F06-97E9-98426E689373}
		{195C0E85-07B3-426D-A36F-2CB211C3F11D} = {C0FF432C-6F05-4F06-97E9-98426E689373}
	EndGlobalSection
	GlobalSection(ExtensibilityGlobals) = postSolution
		SolutionGuid = {F67129F8-BDF4-41E0-A88F-08B8054879BD}
	EndGlobalSection
EndGlobal
